// !$*UTF8*$!
{
	archiveVersion = 1;
	classes = {
	};
	objectVersion = 55;
	objects = {

/* Begin PBXBuildFile section */
		7D9A05BC2804DC920000750F /* CustomizeController.swift in Sources */ = {isa = PBXBuildFile; fileRef = 7D9A05BA2804DC920000750F /* CustomizeController.swift */; };
		7D9A05BF2804DD300000750F /* CustomizeScreenButton.swift in Sources */ = {isa = PBXBuildFile; fileRef = 7D9A05BE2804DD300000750F /* CustomizeScreenButton.swift */; };
		7D9A905228062A8A00250E7D /* CheckoutController.swift in Sources */ = {isa = PBXBuildFile; fileRef = 7D9A905128062A8A00250E7D /* CheckoutController.swift */; };
		7D9A905928062BCE00250E7D /* CartTableCell.swift in Sources */ = {isa = PBXBuildFile; fileRef = 7D9A905728062BCE00250E7D /* CartTableCell.swift */; };
		7D9A905A28062BCE00250E7D /* CartTableCell.xib in Resources */ = {isa = PBXBuildFile; fileRef = 7D9A905828062BCE00250E7D /* CartTableCell.xib */; };
		7DD212EB2804C3D5006D78E6 /* AppDelegate.swift in Sources */ = {isa = PBXBuildFile; fileRef = 7DD212EA2804C3D5006D78E6 /* AppDelegate.swift */; };
		7DD212ED2804C3D5006D78E6 /* SceneDelegate.swift in Sources */ = {isa = PBXBuildFile; fileRef = 7DD212EC2804C3D5006D78E6 /* SceneDelegate.swift */; };
		7DD212EF2804C3D5006D78E6 /* ViewController.swift in Sources */ = {isa = PBXBuildFile; fileRef = 7DD212EE2804C3D5006D78E6 /* ViewController.swift */; };
		7DD212F22804C3D5006D78E6 /* Main.storyboard in Resources */ = {isa = PBXBuildFile; fileRef = 7DD212F02804C3D5006D78E6 /* Main.storyboard */; };
		7DD212F42804C3D8006D78E6 /* Assets.xcassets in Resources */ = {isa = PBXBuildFile; fileRef = 7DD212F32804C3D8006D78E6 /* Assets.xcassets */; };
		7DD212F72804C3D8006D78E6 /* LaunchScreen.storyboard in Resources */ = {isa = PBXBuildFile; fileRef = 7DD212F52804C3D8006D78E6 /* LaunchScreen.storyboard */; };
		7DD213082804CF00006D78E6 /* PizzaMenuCell.swift in Sources */ = {isa = PBXBuildFile; fileRef = 7DD213062804CF00006D78E6 /* PizzaMenuCell.swift */; };
		7DD213092804CF00006D78E6 /* PizzaMenuCell.xib in Resources */ = {isa = PBXBuildFile; fileRef = 7DD213072804CF00006D78E6 /* PizzaMenuCell.xib */; };
		7DEA1C0F280E5299000A45DA /* DataService.swift in Sources */ = {isa = PBXBuildFile; fileRef = 7DEA1C0E280E5299000A45DA /* DataService.swift */; };
		7DEA1C11280E52E7000A45DA /* OrderTableCell.swift in Sources */ = {isa = PBXBuildFile; fileRef = 7DEA1C10280E52E7000A45DA /* OrderTableCell.swift */; };
		7DEA1C13280E5307000A45DA /* Sauce.swift in Sources */ = {isa = PBXBuildFile; fileRef = 7DEA1C12280E5307000A45DA /* Sauce.swift */; };
		7DEA1C15280E5320000A45DA /* Size.swift in Sources */ = {isa = PBXBuildFile; fileRef = 7DEA1C14280E5320000A45DA /* Size.swift */; };
		7DEA1C17280E533C000A45DA /* Topping.swift in Sources */ = {isa = PBXBuildFile; fileRef = 7DEA1C16280E533C000A45DA /* Topping.swift */; };
		7DEA1C19280E5352000A45DA /* Crust.swift in Sources */ = {isa = PBXBuildFile; fileRef = 7DEA1C18280E5352000A45DA /* Crust.swift */; };
		7DEA1C1B280E5375000A45DA /* OrderHistoryController.swift in Sources */ = {isa = PBXBuildFile; fileRef = 7DEA1C1A280E5375000A45DA /* OrderHistoryController.swift */; };
		7DEA1C1D280E53A6000A45DA /* Order.swift in Sources */ = {isa = PBXBuildFile; fileRef = 7DEA1C1C280E53A6000A45DA /* Order.swift */; };
		7DEA1C1F280E5569000A45DA /* Pizza.swift in Sources */ = {isa = PBXBuildFile; fileRef = 7DEA1C1E280E5569000A45DA /* Pizza.swift */; };
/* End PBXBuildFile section */

/* Begin PBXFileReference section */
		7D9A05BA2804DC920000750F /* CustomizeController.swift */ = {isa = PBXFileReference; lastKnownFileType = sourcecode.swift; path = CustomizeController.swift; sourceTree = "<group>"; };
		7D9A05BE2804DD300000750F /* CustomizeScreenButton.swift */ = {isa = PBXFileReference; lastKnownFileType = sourcecode.swift; path = CustomizeScreenButton.swift; sourceTree = "<group>"; };
		7D9A905128062A8A00250E7D /* CheckoutController.swift */ = {isa = PBXFileReference; lastKnownFileType = sourcecode.swift; path = CheckoutController.swift; sourceTree = "<group>"; };
		7D9A905728062BCE00250E7D /* CartTableCell.swift */ = {isa = PBXFileReference; lastKnownFileType = sourcecode.swift; path = CartTableCell.swift; sourceTree = "<group>"; };
		7D9A905828062BCE00250E7D /* CartTableCell.xib */ = {isa = PBXFileReference; lastKnownFileType = file.xib; path = CartTableCell.xib; sourceTree = "<group>"; };
		7DD212E72804C3D5006D78E6 /* PizzaDelivery.app */ = {isa = PBXFileReference; explicitFileType = wrapper.application; includeInIndex = 0; path = PizzaDelivery.app; sourceTree = BUILT_PRODUCTS_DIR; };
		7DD212EA2804C3D5006D78E6 /* AppDelegate.swift */ = {isa = PBXFileReference; lastKnownFileType = sourcecode.swift; path = AppDelegate.swift; sourceTree = "<group>"; };
		7DD212EC2804C3D5006D78E6 /* SceneDelegate.swift */ = {isa = PBXFileReference; lastKnownFileType = sourcecode.swift; path = SceneDelegate.swift; sourceTree = "<group>"; };
		7DD212EE2804C3D5006D78E6 /* ViewController.swift */ = {isa = PBXFileReference; lastKnownFileType = sourcecode.swift; path = ViewController.swift; sourceTree = "<group>"; };
		7DD212F12804C3D5006D78E6 /* Base */ = {isa = PBXFileReference; lastKnownFileType = file.storyboard; name = Base; path = Base.lproj/Main.storyboard; sourceTree = "<group>"; };
		7DD212F32804C3D8006D78E6 /* Assets.xcassets */ = {isa = PBXFileReference; lastKnownFileType = folder.assetcatalog; path = Assets.xcassets; sourceTree = "<group>"; };
		7DD212F62804C3D8006D78E6 /* Base */ = {isa = PBXFileReference; lastKnownFileType = file.storyboard; name = Base; path = Base.lproj/LaunchScreen.storyboard; sourceTree = "<group>"; };
		7DD212F82804C3D8006D78E6 /* Info.plist */ = {isa = PBXFileReference; lastKnownFileType = text.plist.xml; path = Info.plist; sourceTree = "<group>"; };
		7DD213062804CF00006D78E6 /* PizzaMenuCell.swift */ = {isa = PBXFileReference; lastKnownFileType = sourcecode.swift; path = PizzaMenuCell.swift; sourceTree = "<group>"; };
		7DD213072804CF00006D78E6 /* PizzaMenuCell.xib */ = {isa = PBXFileReference; lastKnownFileType = file.xib; path = PizzaMenuCell.xib; sourceTree = "<group>"; };
		7DEA1C0E280E5299000A45DA /* DataService.swift */ = {isa = PBXFileReference; lastKnownFileType = sourcecode.swift; path = DataService.swift; sourceTree = "<group>"; };
		7DEA1C10280E52E7000A45DA /* OrderTableCell.swift */ = {isa = PBXFileReference; lastKnownFileType = sourcecode.swift; path = OrderTableCell.swift; sourceTree = "<group>"; };
		7DEA1C12280E5307000A45DA /* Sauce.swift */ = {isa = PBXFileReference; lastKnownFileType = sourcecode.swift; path = Sauce.swift; sourceTree = "<group>"; };
		7DEA1C14280E5320000A45DA /* Size.swift */ = {isa = PBXFileReference; lastKnownFileType = sourcecode.swift; path = Size.swift; sourceTree = "<group>"; };
		7DEA1C16280E533C000A45DA /* Topping.swift */ = {isa = PBXFileReference; lastKnownFileType = sourcecode.swift; path = Topping.swift; sourceTree = "<group>"; };
		7DEA1C18280E5352000A45DA /* Crust.swift */ = {isa = PBXFileReference; lastKnownFileType = sourcecode.swift; path = Crust.swift; sourceTree = "<group>"; };
		7DEA1C1A280E5375000A45DA /* OrderHistoryController.swift */ = {isa = PBXFileReference; lastKnownFileType = sourcecode.swift; path = OrderHistoryController.swift; sourceTree = "<group>"; };
		7DEA1C1C280E53A6000A45DA /* Order.swift */ = {isa = PBXFileReference; lastKnownFileType = sourcecode.swift; path = Order.swift; sourceTree = "<group>"; };
		7DEA1C1E280E5569000A45DA /* Pizza.swift */ = {isa = PBXFileReference; lastKnownFileType = sourcecode.swift; path = Pizza.swift; sourceTree = "<group>"; };
/* End PBXFileReference section */

/* Begin PBXFrameworksBuildPhase section */
		7DD212E42804C3D5006D78E6 /* Frameworks */ = {
			isa = PBXFrameworksBuildPhase;
			buildActionMask = 2147483647;
			files = (
			);
			runOnlyForDeploymentPostprocessing = 0;
		};
/* End PBXFrameworksBuildPhase section */

/* Begin PBXGroup section */
		7DD212DE2804C3D5006D78E6 = {
			isa = PBXGroup;
			children = (
				7DD212E92804C3D5006D78E6 /* PizzaDelivery */,
				7DD212E82804C3D5006D78E6 /* Products */,
			);
			sourceTree = "<group>";
		};
		7DD212E82804C3D5006D78E6 /* Products */ = {
			isa = PBXGroup;
			children = (
				7DD212E72804C3D5006D78E6 /* PizzaDelivery.app */,
			);
			name = Products;
			sourceTree = "<group>";
		};
		7DD212E92804C3D5006D78E6 /* PizzaDelivery */ = {
			isa = PBXGroup;
			children = (
				7DD212EA2804C3D5006D78E6 /* AppDelegate.swift */,
				7DD213062804CF00006D78E6 /* PizzaMenuCell.swift */,
				7DD213072804CF00006D78E6 /* PizzaMenuCell.xib */,
				7DD212EC2804C3D5006D78E6 /* SceneDelegate.swift */,
				7DD212EE2804C3D5006D78E6 /* ViewController.swift */,
				7DEA1C1E280E5569000A45DA /* Pizza.swift */,
				7DD212F02804C3D5006D78E6 /* Main.storyboard */,
				7DD212F32804C3D8006D78E6 /* Assets.xcassets */,
				7DD212F52804C3D8006D78E6 /* LaunchScreen.storyboard */,
				7DD212F82804C3D8006D78E6 /* Info.plist */,
				7D9A05BA2804DC920000750F /* CustomizeController.swift */,
				7DEA1C0E280E5299000A45DA /* DataService.swift */,
				7DEA1C10280E52E7000A45DA /* OrderTableCell.swift */,
				7DEA1C12280E5307000A45DA /* Sauce.swift */,
				7DEA1C14280E5320000A45DA /* Size.swift */,
				7DEA1C16280E533C000A45DA /* Topping.swift */,
				7DEA1C18280E5352000A45DA /* Crust.swift */,
				7DEA1C1A280E5375000A45DA /* OrderHistoryController.swift */,
				7DEA1C1C280E53A6000A45DA /* Order.swift */,
				7D9A05BE2804DD300000750F /* CustomizeScreenButton.swift */,
				7D9A905128062A8A00250E7D /* CheckoutController.swift */,
				7D9A905728062BCE00250E7D /* CartTableCell.swift */,
				7D9A905828062BCE00250E7D /* CartTableCell.xib */,
			);
			path = PizzaDelivery;
			sourceTree = "<group>";
		};
/* End PBXGroup section */

/* Begin PBXNativeTarget section */
		7DD212E62804C3D5006D78E6 /* PizzaDelivery */ = {
			isa = PBXNativeTarget;
			buildConfigurationList = 7DD212FB2804C3D8006D78E6 /* Build configuration list for PBXNativeTarget "PizzaDelivery" */;
			buildPhases = (
				7DD212E32804C3D5006D78E6 /* Sources */,
				7DD212E42804C3D5006D78E6 /* Frameworks */,
				7DD212E52804C3D5006D78E6 /* Resources */,
			);
			buildRules = (
			);
			dependencies = (
			);
			name = PizzaDelivery;
			productName = PizzaDelivery;
			productReference = 7DD212E72804C3D5006D78E6 /* PizzaDelivery.app */;
			productType = "com.apple.product-type.application";
		};
/* End PBXNativeTarget section */

/* Begin PBXProject section */
		7DD212DF2804C3D5006D78E6 /* Project object */ = {
			isa = PBXProject;
			attributes = {
				BuildIndependentTargetsInParallel = 1;
				LastSwiftUpdateCheck = 1330;
				LastUpgradeCheck = 1330;
				TargetAttributes = {
					7DD212E62804C3D5006D78E6 = {
						CreatedOnToolsVersion = 13.3;
					};
				};
			};
			buildConfigurationList = 7DD212E22804C3D5006D78E6 /* Build configuration list for PBXProject "PizzaDelivery" */;
			compatibilityVersion = "Xcode 13.0";
			developmentRegion = en;
			hasScannedForEncodings = 0;
			knownRegions = (
				en,
				Base,
			);
			mainGroup = 7DD212DE2804C3D5006D78E6;
			productRefGroup = 7DD212E82804C3D5006D78E6 /* Products */;
			projectDirPath = "";
			projectRoot = "";
			targets = (
				7DD212E62804C3D5006D78E6 /* PizzaDelivery */,
			);
		};
/* End PBXProject section */

/* Begin PBXResourcesBuildPhase section */
		7DD212E52804C3D5006D78E6 /* Resources */ = {
			isa = PBXResourcesBuildPhase;
			buildActionMask = 2147483647;
			files = (
				7DD212F72804C3D8006D78E6 /* LaunchScreen.storyboard in Resources */,
				7DD213092804CF00006D78E6 /* PizzaMenuCell.xib in Resources */,
				7DD212F42804C3D8006D78E6 /* Assets.xcassets in Resources */,
				7D9A905A28062BCE00250E7D /* CartTableCell.xib in Resources */,
				7DD212F22804C3D5006D78E6 /* Main.storyboard in Resources */,
			);
			runOnlyForDeploymentPostprocessing = 0;
		};
/* End PBXResourcesBuildPhase section */

/* Begin PBXSourcesBuildPhase section */
		7DD212E32804C3D5006D78E6 /* Sources */ = {
			isa = PBXSourcesBuildPhase;
			buildActionMask = 2147483647;
			files = (
				7DEA1C17280E533C000A45DA /* Topping.swift in Sources */,
				7DEA1C19280E5352000A45DA /* Crust.swift in Sources */,
				7DEA1C1D280E53A6000A45DA /* Order.swift in Sources */,
				7DEA1C0F280E5299000A45DA /* DataService.swift in Sources */,
				7DEA1C11280E52E7000A45DA /* OrderTableCell.swift in Sources */,
				7DEA1C1B280E5375000A45DA /* OrderHistoryController.swift in Sources */,
				7D9A905928062BCE00250E7D /* CartTableCell.swift in Sources */,
				7DD212EF2804C3D5006D78E6 /* ViewController.swift in Sources */,
				7DEA1C1F280E5569000A45DA /* Pizza.swift in Sources */,
				7DEA1C15280E5320000A45DA /* Size.swift in Sources */,
				7DEA1C13280E5307000A45DA /* Sauce.swift in Sources */,
				7D9A05BF2804DD300000750F /* CustomizeScreenButton.swift in Sources */,
				7D9A05BC2804DC920000750F /* CustomizeController.swift in Sources */,
				7DD213082804CF00006D78E6 /* PizzaMenuCell.swift in Sources */,
				7DD212EB2804C3D5006D78E6 /* AppDelegate.swift in Sources */,
				7D9A905228062A8A00250E7D /* CheckoutController.swift in Sources */,
				7DD212ED2804C3D5006D78E6 /* SceneDelegate.swift in Sources */,
			);
			runOnlyForDeploymentPostprocessing = 0;
		};
/* End PBXSourcesBuildPhase section */

/* Begin PBXVariantGroup section */
		7DD212F02804C3D5006D78E6 /* Main.storyboard */ = {
			isa = PBXVariantGroup;
			children = (
				7DD212F12804C3D5006D78E6 /* Base */,
			);
			name = Main.storyboard;
			sourceTree = "<group>";
		};
		7DD212F52804C3D8006D78E6 /* LaunchScreen.storyboard */ = {
			isa = PBXVariantGroup;
			children = (
				7DD212F62804C3D8006D78E6 /* Base */,
			);
			name = LaunchScreen.storyboard;
			sourceTree = "<group>";
		};
/* End PBXVariantGroup section */

/* Begin XCBuildConfiguration section */
		7DD212F92804C3D8006D78E6 /* Debug */ = {
			isa = XCBuildConfiguration;
			buildSettings = {
				ALWAYS_SEARCH_USER_PATHS = NO;
				CLANG_ANALYZER_NONNULL = YES;
				CLANG_ANALYZER_NUMBER_OBJECT_CONVERSION = YES_AGGRESSIVE;
				CLANG_CXX_LANGUAGE_STANDARD = "gnu++17";
				CLANG_ENABLE_MODULES = YES;
				CLANG_ENABLE_OBJC_ARC = YES;
				CLANG_ENABLE_OBJC_WEAK = YES;
				CLANG_WARN_BLOCK_CAPTURE_AUTORELEASING = YES;
				CLANG_WARN_BOOL_CONVERSION = YES;
				CLANG_WARN_COMMA = YES;
				CLANG_WARN_CONSTANT_CONVERSION = YES;
				CLANG_WARN_DEPRECATED_OBJC_IMPLEMENTATIONS = YES;
				CLANG_WARN_DIRECT_OBJC_ISA_USAGE = YES_ERROR;
				CLANG_WARN_DOCUMENTATION_COMMENTS = YES;
				CLANG_WARN_EMPTY_BODY = YES;
				CLANG_WARN_ENUM_CONVERSION = YES;
				CLANG_WARN_INFINITE_RECURSION = YES;
				CLANG_WARN_INT_CONVERSION = YES;
				CLANG_WARN_NON_LITERAL_NULL_CONVERSION = YES;
				CLANG_WARN_OBJC_IMPLICIT_RETAIN_SELF = YES;
				CLANG_WARN_OBJC_LITERAL_CONVERSION = YES;
				CLANG_WARN_OBJC_ROOT_CLASS = YES_ERROR;
				CLANG_WARN_QUOTED_INCLUDE_IN_FRAMEWORK_HEADER = YES;
				CLANG_WARN_RANGE_LOOP_ANALYSIS = YES;
				CLANG_WARN_STRICT_PROTOTYPES = YES;
				CLANG_WARN_SUSPICIOUS_MOVE = YES;
				CLANG_WARN_UNGUARDED_AVAILABILITY = YES_AGGRESSIVE;
				CLANG_WARN_UNREACHABLE_CODE = YES;
				CLANG_WARN__DUPLICATE_METHOD_MATCH = YES;
				COPY_PHASE_STRIP = NO;
				DEBUG_INFORMATION_FORMAT = dwarf;
				ENABLE_STRICT_OBJC_MSGSEND = YES;
				ENABLE_TESTABILITY = YES;
				GCC_C_LANGUAGE_STANDARD = gnu11;
				GCC_DYNAMIC_NO_PIC = NO;
				GCC_NO_COMMON_BLOCKS = YES;
				GCC_OPTIMIZATION_LEVEL = 0;
				GCC_PREPROCESSOR_DEFINITIONS = (
					"DEBUG=1",
					"$(inherited)",
				);
				GCC_WARN_64_TO_32_BIT_CONVERSION = YES;
				GCC_WARN_ABOUT_RETURN_TYPE = YES_ERROR;
				GCC_WARN_UNDECLARED_SELECTOR = YES;
				GCC_WARN_UNINITIALIZED_AUTOS = YES_AGGRESSIVE;
				GCC_WARN_UNUSED_FUNCTION = YES;
				GCC_WARN_UNUSED_VARIABLE = YES;
				IPHONEOS_DEPLOYMENT_TARGET = 15.4;
				MTL_ENABLE_DEBUG_INFO = INCLUDE_SOURCE;
				MTL_FAST_MATH = YES;
				ONLY_ACTIVE_ARCH = YES;
				SDKROOT = iphoneos;
				SWIFT_ACTIVE_COMPILATION_CONDITIONS = DEBUG;
				SWIFT_OPTIMIZATION_LEVEL = "-Onone";
			};
			name = Debug;
		};
		7DD212FA2804C3D8006D78E6 /* Release */ = {
			isa = XCBuildConfiguration;
			buildSettings = {
				ALWAYS_SEARCH_USER_PATHS = NO;
				CLANG_ANALYZER_NONNULL = YES;
				CLANG_ANALYZER_NUMBER_OBJECT_CONVERSION = YES_AGGRESSIVE;
				CLANG_CXX_LANGUAGE_STANDARD = "gnu++17";
				CLANG_ENABLE_MODULES = YES;
				CLANG_ENABLE_OBJC_ARC = YES;
				CLANG_ENABLE_OBJC_WEAK = YES;
				CLANG_WARN_BLOCK_CAPTURE_AUTORELEASING = YES;
				CLANG_WARN_BOOL_CONVERSION = YES;
				CLANG_WARN_COMMA = YES;
				CLANG_WARN_CONSTANT_CONVERSION = YES;
				CLANG_WARN_DEPRECATED_OBJC_IMPLEMENTATIONS = YES;
				CLANG_WARN_DIRECT_OBJC_ISA_USAGE = YES_ERROR;
				CLANG_WARN_DOCUMENTATION_COMMENTS = YES;
				CLANG_WARN_EMPTY_BODY = YES;
				CLANG_WARN_ENUM_CONVERSION = YES;
				CLANG_WARN_INFINITE_RECURSION = YES;
				CLANG_WARN_INT_CONVERSION = YES;
				CLANG_WARN_NON_LITERAL_NULL_CONVERSION = YES;
				CLANG_WARN_OBJC_IMPLICIT_RETAIN_SELF = YES;
				CLANG_WARN_OBJC_LITERAL_CONVERSION = YES;
				CLANG_WARN_OBJC_ROOT_CLASS = YES_ERROR;
				CLANG_WARN_QUOTED_INCLUDE_IN_FRAMEWORK_HEADER = YES;
				CLANG_WARN_RANGE_LOOP_ANALYSIS = YES;
				CLANG_WARN_STRICT_PROTOTYPES = YES;
				CLANG_WARN_SUSPICIOUS_MOVE = YES;
				CLANG_WARN_UNGUARDED_AVAILABILITY = YES_AGGRESSIVE;
				CLANG_WARN_UNREACHABLE_CODE = YES;
				CLANG_WARN__DUPLICATE_METHOD_MATCH = YES;
				COPY_PHASE_STRIP = NO;
				DEBUG_INFORMATION_FORMAT = "dwarf-with-dsym";
				ENABLE_NS_ASSERTIONS = NO;
				ENABLE_STRICT_OBJC_MSGSEND = YES;
				GCC_C_LANGUAGE_STANDARD = gnu11;
				GCC_NO_COMMON_BLOCKS = YES;
				GCC_WARN_64_TO_32_BIT_CONVERSION = YES;
				GCC_WARN_ABOUT_RETURN_TYPE = YES_ERROR;
				GCC_WARN_UNDECLARED_SELECTOR = YES;
				GCC_WARN_UNINITIALIZED_AUTOS = YES_AGGRESSIVE;
				GCC_WARN_UNUSED_FUNCTION = YES;
				GCC_WARN_UNUSED_VARIABLE = YES;
				IPHONEOS_DEPLOYMENT_TARGET = 15.4;
				MTL_ENABLE_DEBUG_INFO = NO;
				MTL_FAST_MATH = YES;
				SDKROOT = iphoneos;
				SWIFT_COMPILATION_MODE = wholemodule;
				SWIFT_OPTIMIZATION_LEVEL = "-O";
				VALIDATE_PRODUCT = YES;
			};
			name = Release;
		};
		7DD212FC2804C3D8006D78E6 /* Debug */ = {
			isa = XCBuildConfiguration;
			buildSettings = {
				ASSETCATALOG_COMPILER_APPICON_NAME = AppIcon;
				ASSETCATALOG_COMPILER_GLOBAL_ACCENT_COLOR_NAME = AccentColor;
				CODE_SIGN_STYLE = Automatic;
				CURRENT_PROJECT_VERSION = 1;
				GENERATE_INFOPLIST_FILE = YES;
				INFOPLIST_FILE = PizzaDelivery/Info.plist;
				INFOPLIST_KEY_UIApplicationSupportsIndirectInputEvents = YES;
				INFOPLIST_KEY_UILaunchStoryboardName = LaunchScreen;
				INFOPLIST_KEY_UIMainStoryboardFile = Main;
				INFOPLIST_KEY_UISupportedInterfaceOrientations_iPad = "UIInterfaceOrientationPortrait UIInterfaceOrientationPortraitUpsideDown UIInterfaceOrientationLandscapeLeft UIInterfaceOrientationLandscapeRight";
				INFOPLIST_KEY_UISupportedInterfaceOrientations_iPhone = "UIInterfaceOrientationPortrait UIInterfaceOrientationLandscapeLeft UIInterfaceOrientationLandscapeRight";
				LD_RUNPATH_SEARCH_PATHS = (
					"$(inherited)",
					"@executable_path/Frameworks",
				);
				MARKETING_VERSION = 1.0;
				PRODUCT_BUNDLE_IDENTIFIER = com.savithamaiya.PizzaDelivery;
				PRODUCT_NAME = "$(TARGET_NAME)";
				SWIFT_EMIT_LOC_STRINGS = YES;
				SWIFT_VERSION = 5.0;
				TARGETED_DEVICE_FAMILY = "1,2";
			};
			name = Debug;
		};
		7DD212FD2804C3D8006D78E6 /* Release */ = {
			isa = XCBuildConfiguration;
			buildSettings = {
				ASSETCATALOG_COMPILER_APPICON_NAME = AppIcon;
				ASSETCATALOG_COMPILER_GLOBAL_ACCENT_COLOR_NAME = AccentColor;
				CODE_SIGN_STYLE = Automatic;
				CURRENT_PROJECT_VERSION = 1;
				GENERATE_INFOPLIST_FILE = YES;
				INFOPLIST_FILE = PizzaDelivery/Info.plist;
				INFOPLIST_KEY_UIApplicationSupportsIndirectInputEvents = YES;
				INFOPLIST_KEY_UILaunchStoryboardName = LaunchScreen;
				INFOPLIST_KEY_UIMainStoryboardFile = Main;
				INFOPLIST_KEY_UISupportedInterfaceOrientations_iPad = "UIInterfaceOrientationPortrait UIInterfaceOrientationPortraitUpsideDown UIInterfaceOrientationLandscapeLeft UIInterfaceOrientationLandscapeRight";
				INFOPLIST_KEY_UISupportedInterfaceOrientations_iPhone = "UIInterfaceOrientationPortrait UIInterfaceOrientationLandscapeLeft UIInterfaceOrientationLandscapeRight";
				LD_RUNPATH_SEARCH_PATHS = (
					"$(inherited)",
					"@executable_path/Frameworks",
				);
				MARKETING_VERSION = 1.0;
				PRODUCT_BUNDLE_IDENTIFIER = com.savithamaiya.PizzaDelivery;
				PRODUCT_NAME = "$(TARGET_NAME)";
				SWIFT_EMIT_LOC_STRINGS = YES;
				SWIFT_VERSION = 5.0;
				TARGETED_DEVICE_FAMILY = "1,2";
			};
			name = Release;
		};
/* End XCBuildConfiguration section */

/* Begin XCConfigurationList section */
		7DD212E22804C3D5006D78E6 /* Build configuration list for PBXProject "PizzaDelivery" */ = {
			isa = XCConfigurationList;
			buildConfigurations = (
				7DD212F92804C3D8006D78E6 /* Debug */,
				7DD212FA2804C3D8006D78E6 /* Release */,
			);
			defaultConfigurationIsVisible = 0;
			defaultConfigurationName = Release;
		};
		7DD212FB2804C3D8006D78E6 /* Build configuration list for PBXNativeTarget "PizzaDelivery" */ = {
			isa = XCConfigurationList;
			buildConfigurations = (
				7DD212FC2804C3D8006D78E6 /* Debug */,
				7DD212FD2804C3D8006D78E6 /* Release */,
			);
			defaultConfigurationIsVisible = 0;
			defaultConfigurationName = Release;
		};
/* End XCConfigurationList section */
	};
	rootObject = 7DD212DF2804C3D5006D78E6 /* Project object */;
}
